
Microsoft Visual Studio Solution File, Format Version 12.00
# Visual Studio Version 16
VisualStudioVersion = 16.0.30711.63
MinimumVisualStudioVersion = 10.0.40219.1
Project("{FAE04EC0-301F-11D3-BF4B-00C04F79EFBC}") = "Dibs", "Dibs\Dibs.csproj", "{BB1AC643-CEB4-41F7-8C94-F8E98BD15FA6}"
EndProject
Global
	GlobalSection(SolutionConfigurationPlatforms) = preSolution
		Debug|Any CPU = Debug|Any CPU
		Release|Any CPU = Release|Any CPU
	EndGlobalSection
	GlobalSection(ProjectConfigurationPlatforms) = postSolution
		{BB1AC643-CEB4-41F7-8C94-F8E98BD15FA6}.Debug|Any CPU.ActiveCfg = Debug|Any CPU
		{BB1AC643-CEB4-41F7-8C94-F8E98BD15FA6}.Debug|Any CPU.Build.0 = Debug|Any CPU
		{BB1AC643-CEB4-41F7-8C94-F8E98BD15FA6}.Release|Any CPU.ActiveCfg = Release|Any CPU
		{BB1AC643-CEB4-41F7-8C94-F8E98BD15FA6}.Release|Any CPU.Build.0 = Release|Any CPU
	EndGlobalSection
	GlobalSection(SolutionProperties) = preSolution
		HideSolutionNode = FALSE
	EndGlobalSection
	GlobalSection(ExtensibilityGlobals) = postSolution
		SolutionGuid = {03AB354B-86C1-458C-9B75-FCF4A8C2BFAD}
	EndGlobalSection
EndGlobal
